
Microsoft Visual Studio Solution File, Format Version 12.00
# Visual Studio 15
VisualStudioVersion = 15.0.28010.2046
MinimumVisualStudioVersion = 10.0.40219.1
Project("{9A19103F-16F7-4668-BE54-9A1E7A4F7556}") = "QBDiscordAssistant", "QBDiscordAssistant\QBDiscordAssistant.csproj", "{D5B21300-AB00-4A7B-9E3B-6389583B0EBB}"
EndProject
Project("{FAE04EC0-301F-11D3-BF4B-00C04F79EFBC}") = "QBDiscordAssistantTests", "QBDiscordAssistantTests\QBDiscordAssistantTests.csproj", "{5AA172C4-F13D-4C95-95B6-812784784325}"
EndProject
Global
	GlobalSection(SolutionConfigurationPlatforms) = preSolution
		Debug|Any CPU = Debug|Any CPU
		Release|Any CPU = Release|Any CPU
	EndGlobalSection
	GlobalSection(ProjectConfigurationPlatforms) = postSolution
		{D5B21300-AB00-4A7B-9E3B-6389583B0EBB}.Debug|Any CPU.ActiveCfg = Debug|Any CPU
		{D5B21300-AB00-4A7B-9E3B-6389583B0EBB}.Debug|Any CPU.Build.0 = Debug|Any CPU
		{D5B21300-AB00-4A7B-9E3B-6389583B0EBB}.Release|Any CPU.ActiveCfg = Release|Any CPU
		{D5B21300-AB00-4A7B-9E3B-6389583B0EBB}.Release|Any CPU.Build.0 = Release|Any CPU
		{5AA172C4-F13D-4C95-95B6-812784784325}.Debug|Any CPU.ActiveCfg = Debug|Any CPU
		{5AA172C4-F13D-4C95-95B6-812784784325}.Debug|Any CPU.Build.0 = Debug|Any CPU
		{5AA172C4-F13D-4C95-95B6-812784784325}.Release|Any CPU.ActiveCfg = Release|Any CPU
		{5AA172C4-F13D-4C95-95B6-812784784325}.Release|Any CPU.Build.0 = Release|Any CPU
	EndGlobalSection
	GlobalSection(SolutionProperties) = preSolution
		HideSolutionNode = FALSE
	EndGlobalSection
	GlobalSection(ExtensibilityGlobals) = postSolution
		SolutionGuid = {5D764614-6288-4706-9B07-45A27402298D}
	EndGlobalSection
EndGlobal
